
Microsoft Visual Studio Solution File, Format Version 12.00
# Visual Studio Version 16
VisualStudioVersion = 16.0.30114.105
MinimumVisualStudioVersion = 10.0.40219.1
Project("{FAE04EC0-301F-11D3-BF4B-00C04F79EFBC}") = "WinFormApp1", "WinFormApp1.csproj", "{272E2C05-854B-4D68-AE62-FE5058102ACF}"
EndProject
Project("{FAE04EC0-301F-11D3-BF4B-00C04F79EFBC}") = "ClockApp", "..\ClockApp\ClockApp.csproj", "{34415D71-8431-4B29-90DC-B3AB9B28798D}"
EndProject
Global
	GlobalSection(SolutionConfigurationPlatforms) = preSolution
		Debug|Any CPU = Debug|Any CPU
		Release|Any CPU = Release|Any CPU
	EndGlobalSection
	GlobalSection(ProjectConfigurationPlatforms) = postSolution
		{272E2C05-854B-4D68-AE62-FE5058102ACF}.Debug|Any CPU.ActiveCfg = Debug|Any CPU
		{272E2C05-854B-4D68-AE62-FE5058102ACF}.Debug|Any CPU.Build.0 = Debug|Any CPU
		{272E2C05-854B-4D68-AE62-FE5058102ACF}.Release|Any CPU.ActiveCfg = Release|Any CPU
		{272E2C05-854B-4D68-AE62-FE5058102ACF}.Release|Any CPU.Build.0 = Release|Any CPU
		{34415D71-8431-4B29-90DC-B3AB9B28798D}.Debug|Any CPU.ActiveCfg = Debug|Any CPU
		{34415D71-8431-4B29-90DC-B3AB9B28798D}.Debug|Any CPU.Build.0 = Debug|Any CPU
		{34415D71-8431-4B29-90DC-B3AB9B28798D}.Release|Any CPU.ActiveCfg = Release|Any CPU
		{34415D71-8431-4B29-90DC-B3AB9B28798D}.Release|Any CPU.Build.0 = Release|Any CPU
	EndGlobalSection
	GlobalSection(SolutionProperties) = preSolution
		HideSolutionNode = FALSE
	EndGlobalSection
	GlobalSection(ExtensibilityGlobals) = postSolution
		SolutionGuid = {FEFDDB12-4424-4D74-80F4-5761B394CADB}
	EndGlobalSection
EndGlobal
