
Microsoft Visual Studio Solution File, Format Version 12.00
# Visual Studio Version 16
VisualStudioVersion = 16.0.30114.105
MinimumVisualStudioVersion = 10.0.40219.1
Project("{FAE04EC0-301F-11D3-BF4B-00C04F79EFBC}") = "WinFormApp1", "WinFormApp1.csproj", "{272E2C05-854B-4D68-AE62-FE5058102ACF}"
EndProject
Project("{FAE04EC0-301F-11D3-BF4B-00C04F79EFBC}") = "ClockApp", "..\ClockApp\ClockApp.csproj", "{34415D71-8431-4B29-90DC-B3AB9B28798D}"
EndProject
Project("{FAE04EC0-301F-11D3-BF4B-00C04F79EFBC}") = "ButtonTestApp", "..\ButtonTestApp\ButtonTestApp.csproj", "{35A455D1-4CFB-424A-A66C-6A92168DD50F}"
EndProject
Project("{FAE04EC0-301F-11D3-BF4B-00C04F79EFBC}") = "CheckBoxTestApp", "..\CheckBoxTestApp\CheckBoxTestApp.csproj", "{750B753F-B83A-4EBD-92C2-7B24EF22D508}"
EndProject
Project("{FAE04EC0-301F-11D3-BF4B-00C04F79EFBC}") = "RadioButtonTestApp", "..\RadioButtonTestApp\RadioButtonTestApp.csproj", "{8D526CC8-DA44-456D-8FBB-15CA83688353}"
EndProject
Project("{FAE04EC0-301F-11D3-BF4B-00C04F79EFBC}") = "LoginApp2", "..\LoginApp2\LoginApp2.csproj", "{1A39531A-912F-460B-9E9E-CBDB6E331C01}"
EndProject
Project("{FAE04EC0-301F-11D3-BF4B-00C04F79EFBC}") = "ListControlTestApp", "..\ListControlTestApp\ListControlTestApp.csproj", "{BF0A2356-00D0-408B-AA35-A4F00AF36981}"
EndProject
Project("{FAE04EC0-301F-11D3-BF4B-00C04F79EFBC}") = "CheckListBoxApp", "..\CheckListBoxApp\CheckListBoxApp.csproj", "{567D7E85-96C8-4E6A-9398-1920DC5CBE58}"
EndProject
Project("{FAE04EC0-301F-11D3-BF4B-00C04F79EFBC}") = "ModalDlgApp", "..\ModalDlgApp\ModalDlgApp.csproj", "{301D94CC-B95F-42C0-8BC9-9D0BCD61D983}"
EndProject
Project("{FAE04EC0-301F-11D3-BF4B-00C04F79EFBC}") = "OpenFileDlgApp", "..\OpenFileDlgApp\OpenFileDlgApp.csproj", "{643E0A08-BB87-4EA0-A595-68C6665986CD}"
EndProject
Project("{FAE04EC0-301F-11D3-BF4B-00C04F79EFBC}") = "MainMenuApp", "..\MainMenuApp\MainMenuApp.csproj", "{31443CA1-1880-4A53-8224-652597E2A0F1}"
EndProject
Project("{FAE04EC0-301F-11D3-BF4B-00C04F79EFBC}") = "ViewControlApp", "..\ViewControlApp\ViewControlApp.csproj", "{F4F473C5-2094-45B7-8AEC-F3E685BCE8CD}"
EndProject
Project("{FAE04EC0-301F-11D3-BF4B-00C04F79EFBC}") = "TreeViewApp", "..\TreeViewApp\TreeViewApp.csproj", "{CBB7F36D-0CBD-4A12-ACF5-1A547457D135}"
EndProject
Project("{FAE04EC0-301F-11D3-BF4B-00C04F79EFBC}") = "ProgressApp", "..\ProgressApp\ProgressApp.csproj", "{CB6CB280-CA93-4614-B3CB-834C405F404B}"
EndProject
Project("{FAE04EC0-301F-11D3-BF4B-00C04F79EFBC}") = "AnimationApp", "..\AnimationApp\AnimationApp.csproj", "{78A7384F-A98C-465F-BF12-F47B3226F7A0}"
EndProject
Project("{FAE04EC0-301F-11D3-BF4B-00C04F79EFBC}") = "ViewGraphicApp", "..\ViewGraphicApp\ViewGraphicApp.csproj", "{FF77936D-70EE-4ECD-BB4B-3D46004EEA2A}"
EndProject
Global
	GlobalSection(SolutionConfigurationPlatforms) = preSolution
		Debug|Any CPU = Debug|Any CPU
		Release|Any CPU = Release|Any CPU
	EndGlobalSection
	GlobalSection(ProjectConfigurationPlatforms) = postSolution
		{272E2C05-854B-4D68-AE62-FE5058102ACF}.Debug|Any CPU.ActiveCfg = Debug|Any CPU
		{272E2C05-854B-4D68-AE62-FE5058102ACF}.Debug|Any CPU.Build.0 = Debug|Any CPU
		{272E2C05-854B-4D68-AE62-FE5058102ACF}.Release|Any CPU.ActiveCfg = Release|Any CPU
		{272E2C05-854B-4D68-AE62-FE5058102ACF}.Release|Any CPU.Build.0 = Release|Any CPU
		{34415D71-8431-4B29-90DC-B3AB9B28798D}.Debug|Any CPU.ActiveCfg = Debug|Any CPU
		{34415D71-8431-4B29-90DC-B3AB9B28798D}.Debug|Any CPU.Build.0 = Debug|Any CPU
		{34415D71-8431-4B29-90DC-B3AB9B28798D}.Release|Any CPU.ActiveCfg = Release|Any CPU
		{34415D71-8431-4B29-90DC-B3AB9B28798D}.Release|Any CPU.Build.0 = Release|Any CPU
		{35A455D1-4CFB-424A-A66C-6A92168DD50F}.Debug|Any CPU.ActiveCfg = Debug|Any CPU
		{35A455D1-4CFB-424A-A66C-6A92168DD50F}.Debug|Any CPU.Build.0 = Debug|Any CPU
		{35A455D1-4CFB-424A-A66C-6A92168DD50F}.Release|Any CPU.ActiveCfg = Release|Any CPU
		{35A455D1-4CFB-424A-A66C-6A92168DD50F}.Release|Any CPU.Build.0 = Release|Any CPU
		{750B753F-B83A-4EBD-92C2-7B24EF22D508}.Debug|Any CPU.ActiveCfg = Debug|Any CPU
		{750B753F-B83A-4EBD-92C2-7B24EF22D508}.Debug|Any CPU.Build.0 = Debug|Any CPU
		{750B753F-B83A-4EBD-92C2-7B24EF22D508}.Release|Any CPU.ActiveCfg = Release|Any CPU
		{750B753F-B83A-4EBD-92C2-7B24EF22D508}.Release|Any CPU.Build.0 = Release|Any CPU
		{8D526CC8-DA44-456D-8FBB-15CA83688353}.Debug|Any CPU.ActiveCfg = Debug|Any CPU
		{8D526CC8-DA44-456D-8FBB-15CA83688353}.Debug|Any CPU.Build.0 = Debug|Any CPU
		{8D526CC8-DA44-456D-8FBB-15CA83688353}.Release|Any CPU.ActiveCfg = Release|Any CPU
		{8D526CC8-DA44-456D-8FBB-15CA83688353}.Release|Any CPU.Build.0 = Release|Any CPU
		{1A39531A-912F-460B-9E9E-CBDB6E331C01}.Debug|Any CPU.ActiveCfg = Debug|Any CPU
		{1A39531A-912F-460B-9E9E-CBDB6E331C01}.Debug|Any CPU.Build.0 = Debug|Any CPU
		{1A39531A-912F-460B-9E9E-CBDB6E331C01}.Release|Any CPU.ActiveCfg = Release|Any CPU
		{1A39531A-912F-460B-9E9E-CBDB6E331C01}.Release|Any CPU.Build.0 = Release|Any CPU
		{BF0A2356-00D0-408B-AA35-A4F00AF36981}.Debug|Any CPU.ActiveCfg = Debug|Any CPU
		{BF0A2356-00D0-408B-AA35-A4F00AF36981}.Debug|Any CPU.Build.0 = Debug|Any CPU
		{BF0A2356-00D0-408B-AA35-A4F00AF36981}.Release|Any CPU.ActiveCfg = Release|Any CPU
		{BF0A2356-00D0-408B-AA35-A4F00AF36981}.Release|Any CPU.Build.0 = Release|Any CPU
		{567D7E85-96C8-4E6A-9398-1920DC5CBE58}.Debug|Any CPU.ActiveCfg = Debug|Any CPU
		{567D7E85-96C8-4E6A-9398-1920DC5CBE58}.Debug|Any CPU.Build.0 = Debug|Any CPU
		{567D7E85-96C8-4E6A-9398-1920DC5CBE58}.Release|Any CPU.ActiveCfg = Release|Any CPU
		{567D7E85-96C8-4E6A-9398-1920DC5CBE58}.Release|Any CPU.Build.0 = Release|Any CPU
		{301D94CC-B95F-42C0-8BC9-9D0BCD61D983}.Debug|Any CPU.ActiveCfg = Debug|Any CPU
		{301D94CC-B95F-42C0-8BC9-9D0BCD61D983}.Debug|Any CPU.Build.0 = Debug|Any CPU
		{301D94CC-B95F-42C0-8BC9-9D0BCD61D983}.Release|Any CPU.ActiveCfg = Release|Any CPU
		{301D94CC-B95F-42C0-8BC9-9D0BCD61D983}.Release|Any CPU.Build.0 = Release|Any CPU
		{643E0A08-BB87-4EA0-A595-68C6665986CD}.Debug|Any CPU.ActiveCfg = Debug|Any CPU
		{643E0A08-BB87-4EA0-A595-68C6665986CD}.Debug|Any CPU.Build.0 = Debug|Any CPU
		{643E0A08-BB87-4EA0-A595-68C6665986CD}.Release|Any CPU.ActiveCfg = Release|Any CPU
		{643E0A08-BB87-4EA0-A595-68C6665986CD}.Release|Any CPU.Build.0 = Release|Any CPU
		{31443CA1-1880-4A53-8224-652597E2A0F1}.Debug|Any CPU.ActiveCfg = Debug|Any CPU
		{31443CA1-1880-4A53-8224-652597E2A0F1}.Debug|Any CPU.Build.0 = Debug|Any CPU
		{31443CA1-1880-4A53-8224-652597E2A0F1}.Release|Any CPU.ActiveCfg = Release|Any CPU
		{31443CA1-1880-4A53-8224-652597E2A0F1}.Release|Any CPU.Build.0 = Release|Any CPU
		{F4F473C5-2094-45B7-8AEC-F3E685BCE8CD}.Debug|Any CPU.ActiveCfg = Debug|Any CPU
		{F4F473C5-2094-45B7-8AEC-F3E685BCE8CD}.Debug|Any CPU.Build.0 = Debug|Any CPU
		{F4F473C5-2094-45B7-8AEC-F3E685BCE8CD}.Release|Any CPU.ActiveCfg = Release|Any CPU
		{F4F473C5-2094-45B7-8AEC-F3E685BCE8CD}.Release|Any CPU.Build.0 = Release|Any CPU
		{CBB7F36D-0CBD-4A12-ACF5-1A547457D135}.Debug|Any CPU.ActiveCfg = Debug|Any CPU
		{CBB7F36D-0CBD-4A12-ACF5-1A547457D135}.Debug|Any CPU.Build.0 = Debug|Any CPU
		{CBB7F36D-0CBD-4A12-ACF5-1A547457D135}.Release|Any CPU.ActiveCfg = Release|Any CPU
		{CBB7F36D-0CBD-4A12-ACF5-1A547457D135}.Release|Any CPU.Build.0 = Release|Any CPU
		{CB6CB280-CA93-4614-B3CB-834C405F404B}.Debug|Any CPU.ActiveCfg = Debug|Any CPU
		{CB6CB280-CA93-4614-B3CB-834C405F404B}.Debug|Any CPU.Build.0 = Debug|Any CPU
		{CB6CB280-CA93-4614-B3CB-834C405F404B}.Release|Any CPU.ActiveCfg = Release|Any CPU
		{CB6CB280-CA93-4614-B3CB-834C405F404B}.Release|Any CPU.Build.0 = Release|Any CPU
		{78A7384F-A98C-465F-BF12-F47B3226F7A0}.Debug|Any CPU.ActiveCfg = Debug|Any CPU
		{78A7384F-A98C-465F-BF12-F47B3226F7A0}.Debug|Any CPU.Build.0 = Debug|Any CPU
		{78A7384F-A98C-465F-BF12-F47B3226F7A0}.Release|Any CPU.ActiveCfg = Release|Any CPU
		{78A7384F-A98C-465F-BF12-F47B3226F7A0}.Release|Any CPU.Build.0 = Release|Any CPU
		{FF77936D-70EE-4ECD-BB4B-3D46004EEA2A}.Debug|Any CPU.ActiveCfg = Debug|Any CPU
		{FF77936D-70EE-4ECD-BB4B-3D46004EEA2A}.Debug|Any CPU.Build.0 = Debug|Any CPU
		{FF77936D-70EE-4ECD-BB4B-3D46004EEA2A}.Release|Any CPU.ActiveCfg = Release|Any CPU
		{FF77936D-70EE-4ECD-BB4B-3D46004EEA2A}.Release|Any CPU.Build.0 = Release|Any CPU
	EndGlobalSection
	GlobalSection(SolutionProperties) = preSolution
		HideSolutionNode = FALSE
	EndGlobalSection
	GlobalSection(ExtensibilityGlobals) = postSolution
		SolutionGuid = {FEFDDB12-4424-4D74-80F4-5761B394CADB}
	EndGlobalSection
EndGlobal
